{
  "name": "lsa-responsiveness-tracker",
  "version": "1.0.1",
  "lockfileVersion": 3,
  "requires": true,
  "packages": {
    "": {
      "name": "lsa-responsiveness-tracker",
      "version": "1.0.1",
      "license": "MIT",
      "bin": {
        "lsa-responsiveness": "bin/lsa-responsiveness.js",
        "lsa-responsiveness-install-skill": "scripts/install-skill.mjs"
      },
      "engines": {
        "node": ">=20"
      }
    }
  }
}
